PODS:
  - Flutter (1.0.0)
  - IronSourceAdQualitySDK (9.10.0)
  - IronSourceSDK (9.6.1.0):
    - IronSourceSDK/AdQuality (= 9.6.1.0)
    - IronSourceSDK/Ads (= 9.6.1.0)
  - IronSourceSDK/AdQuality (9.6.1.0):
    - IronSourceAdQualitySDK (~> 9)
  - IronSourceSDK/Ads (9.6.1.0)
  - IronSourceUnityAdsAdapter (5.13.0.0):
    - IronSourceSDK/Ads (~> 9.0)
    - UnityAds (= 4.21.0)
  - unity_levelplay_mediation (9.3.0):
    - Flutter
    - IronSourceSDK (= 9.6.1.0)
  - UnityAds (4.21.0):
    - UnityCoherenceLib (~> 0.2.0)
  - UnityCoherenceLib (0.2.0)
  - vibration (3.0.0):
    - Flutter

DEPENDENCIES:
  - Flutter (from `Flutter`)
  - IronSourceUnityAdsAdapter
  - unity_levelplay_mediation (from `.symlinks/plugins/unity_levelplay_mediation/ios`)
  - vibration (from `.symlinks/plugins/vibration/ios`)

SPEC REPOS:
  trunk:
    - IronSourceAdQualitySDK
    - IronSourceSDK
    - IronSourceUnityAdsAdapter
    - UnityAds
    - UnityCoherenceLib

EXTERNAL SOURCES:
  Flutter:
    :path: Flutter
  unity_levelplay_mediation:
    :path: ".symlinks/plugins/unity_levelplay_mediation/ios"
  vibration:
    :path: ".symlinks/plugins/vibration/ios"

SPEC CHECKSUMS:
  Flutter: 71a624a5bc0c04062bf19101d501e466baf2fb47
  IronSourceAdQualitySDK: 779fc3754f27b3d5fae8da52c5709a2dbdb502a6
  IronSourceSDK: 89e641e95136aa2a3868a0e3659564a6392fe607
  IronSourceUnityAdsAdapter: 2eb3cd33a4a5af4c43b47e6af9b0ad054ee5f088
  unity_levelplay_mediation: 47dce36f30deeca76415befb79ed5c61160f42e0
  UnityAds: caaccd3367f77a9a64b061404c5cc8eb2df20103
  UnityCoherenceLib: 9f7a49d0b53897b6627ad2ecf3b8369d015c66f4
  vibration: 69774ad57825b11c951ee4c46155f455d7a592ce

PODFILE CHECKSUM: 5729d1c9f66b9a5089fd3fe85c0b01cbe6f93d61

COCOAPODS: 1.16.2
